
Microsoft Visual Studio Solution File, Format Version 12.00
# Visual Studio Version 16
VisualStudioVersion = 16.0.32901.82
MinimumVisualStudioVersion = 10.0.40219.1
Project("{8BC9CEB8-8B4A-11D0-8D11-00A0C91BC942}") = "HW_27_4_1", "HW_27_4_1\HW_27_4_1.vcxproj", "{C6F5FB71-BC83-415A-8831-5F8F45B88284}"
EndProject
Global
	GlobalSection(SolutionConfigurationPlatforms) = preSolution
		Debug|x64 = Debug|x64
		Debug|x86 = Debug|x86
		Release|x64 = Release|x64
		Release|x86 = Release|x86
	EndGlobalSection
	GlobalSection(ProjectConfigurationPlatforms) = postSolution
		{C6F5FB71-BC83-415A-8831-5F8F45B88284}.Debug|x64.ActiveCfg = Debug|x64
		{C6F5FB71-BC83-415A-8831-5F8F45B88284}.Debug|x64.Build.0 = Debug|x64
		{C6F5FB71-BC83-415A-8831-5F8F45B88284}.Debug|x86.ActiveCfg = Debug|Win32
		{C6F5FB71-BC83-415A-8831-5F8F45B88284}.Debug|x86.Build.0 = Debug|Win32
		{C6F5FB71-BC83-415A-8831-5F8F45B88284}.Release|x64.ActiveCfg = Release|x64
		{C6F5FB71-BC83-415A-8831-5F8F45B88284}.Release|x64.Build.0 = Release|x64
		{C6F5FB71-BC83-415A-8831-5F8F45B88284}.Release|x86.ActiveCfg = Release|Win32
		{C6F5FB71-BC83-415A-8831-5F8F45B88284}.Release|x86.Build.0 = Release|Win32
	EndGlobalSection
	GlobalSection(SolutionProperties) = preSolution
		HideSolutionNode = FALSE
	EndGlobalSection
	GlobalSection(ExtensibilityGlobals) = postSolution
		SolutionGuid = {8F1FB087-DCDD-4207-9EB6-F43F3A0F9452}
	EndGlobalSection
EndGlobal
