
Microsoft Visual Studio Solution File, Format Version 12.00
# Visual Studio Version 16
VisualStudioVersion = 16.0.33920.266
MinimumVisualStudioVersion = 10.0.40219.1
Project("{8BC9CEB8-8B4A-11D0-8D11-00A0C91BC942}") = "HW_32_5_1", "HW_32_5_1\HW_32_5_1.vcxproj", "{03B2FDA4-AC40-4F13-9793-D3761E8CAAF1}"
EndProject
Project("{8BC9CEB8-8B4A-11D0-8D11-00A0C91BC942}") = "HW_32_5_2", "HW_32_5_2\HW_32_5_2.vcxproj", "{7DB76FF2-3E8B-43E6-9B9E-DBE189D2198A}"
EndProject
Global
	GlobalSection(SolutionConfigurationPlatforms) = preSolution
		Debug|x64 = Debug|x64
		Debug|x86 = Debug|x86
		Release|x64 = Release|x64
		Release|x86 = Release|x86
	EndGlobalSection
	GlobalSection(ProjectConfigurationPlatforms) = postSolution
		{03B2FDA4-AC40-4F13-9793-D3761E8CAAF1}.Debug|x64.ActiveCfg = Debug|x64
		{03B2FDA4-AC40-4F13-9793-D3761E8CAAF1}.Debug|x64.Build.0 = Debug|x64
		{03B2FDA4-AC40-4F13-9793-D3761E8CAAF1}.Debug|x86.ActiveCfg = Debug|Win32
		{03B2FDA4-AC40-4F13-9793-D3761E8CAAF1}.Debug|x86.Build.0 = Debug|Win32
		{03B2FDA4-AC40-4F13-9793-D3761E8CAAF1}.Release|x64.ActiveCfg = Release|x64
		{03B2FDA4-AC40-4F13-9793-D3761E8CAAF1}.Release|x64.Build.0 = Release|x64
		{03B2FDA4-AC40-4F13-9793-D3761E8CAAF1}.Release|x86.ActiveCfg = Release|Win32
		{03B2FDA4-AC40-4F13-9793-D3761E8CAAF1}.Release|x86.Build.0 = Release|Win32
		{7DB76FF2-3E8B-43E6-9B9E-DBE189D2198A}.Debug|x64.ActiveCfg = Debug|x64
		{7DB76FF2-3E8B-43E6-9B9E-DBE189D2198A}.Debug|x64.Build.0 = Debug|x64
		{7DB76FF2-3E8B-43E6-9B9E-DBE189D2198A}.Debug|x86.ActiveCfg = Debug|Win32
		{7DB76FF2-3E8B-43E6-9B9E-DBE189D2198A}.Debug|x86.Build.0 = Debug|Win32
		{7DB76FF2-3E8B-43E6-9B9E-DBE189D2198A}.Release|x64.ActiveCfg = Release|x64
		{7DB76FF2-3E8B-43E6-9B9E-DBE189D2198A}.Release|x64.Build.0 = Release|x64
		{7DB76FF2-3E8B-43E6-9B9E-DBE189D2198A}.Release|x86.ActiveCfg = Release|Win32
		{7DB76FF2-3E8B-43E6-9B9E-DBE189D2198A}.Release|x86.Build.0 = Release|Win32
	EndGlobalSection
	GlobalSection(SolutionProperties) = preSolution
		HideSolutionNode = FALSE
	EndGlobalSection
	GlobalSection(ExtensibilityGlobals) = postSolution
		SolutionGuid = {3B61DA5F-858E-49F2-9535-5FAF2E9F7EBD}
	EndGlobalSection
EndGlobal
